// !$*UTF8*$!
{
	archiveVersion = 1;
	classes = {
	};
	objectVersion = 46;
	objects = {

/* Begin PBXBuildFile section */
		10636C952013FB7000F45B1F /* GoogleService-Info.plist in Resources */ = {isa = PBXBuildFile; fileRef = 10636C942013FB7000F45B1F /* GoogleService-Info.plist */; };
		10636C962013FB7000F45B1F /* GoogleService-Info.plist in Resources */ = {isa = PBXBuildFile; fileRef = 10636C942013FB7000F45B1F /* GoogleService-Info.plist */; };
		10636C972013FB7000F45B1F /* GoogleService-Info.plist in Resources */ = {isa = PBXBuildFile; fileRef = 10636C942013FB7000F45B1F /* GoogleService-Info.plist */; };
		1096C6FB201FE1D20052764A /* LoginViewController.swift in Sources */ = {isa = PBXBuildFile; fileRef = 1096C6FA201FE1D20052764A /* LoginViewController.swift */; };
		10B214A31FB0E4D500628A05 /* AppDelegate.swift in Sources */ = {isa = PBXBuildFile; fileRef = 10B214A21FB0E4D500628A05 /* AppDelegate.swift */; };
		10B214A81FB0E4D500628A05 /* Main.storyboard in Resources */ = {isa = PBXBuildFile; fileRef = 10B214A61FB0E4D500628A05 /* Main.storyboard */; };
		10B214AA1FB0E4D500628A05 /* Assets.xcassets in Resources */ = {isa = PBXBuildFile; fileRef = 10B214A91FB0E4D500628A05 /* Assets.xcassets */; };
		10B214AD1FB0E4D500628A05 /* LaunchScreen.storyboard in Resources */ = {isa = PBXBuildFile; fileRef = 10B214AB1FB0E4D500628A05 /* LaunchScreen.storyboard */; };
		10B214B81FB0E4D500628A05 /* FleetTests.swift in Sources */ = {isa = PBXBuildFile; fileRef = 10B214B71FB0E4D500628A05 /* FleetTests.swift */; };
		10B214C31FB0E4D500628A05 /* FleetUITests.swift in Sources */ = {isa = PBXBuildFile; fileRef = 10B214C21FB0E4D500628A05 /* FleetUITests.swift */; };
		8286FCBA71BC4808275C786E /* Pods_Fleet.framework in Frameworks */ = {isa = PBXBuildFile; fileRef = C8F6DD28CA690B0FE5C0AD8C /* Pods_Fleet.framework */; };
		C69DB2F12BE4503681A05069 /* Pods_FleetTests.framework in Frameworks */ = {isa = PBXBuildFile; fileRef = DFEE20756276A47D973F7BED /* Pods_FleetTests.framework */; };
		E1DB7FE1B581C6EE857016EE /* Pods_FleetUITests.framework in Frameworks */ = {isa = PBXBuildFile; fileRef = 9F9F7E2849C8E5658367DB7D /* Pods_FleetUITests.framework */; };
/* End PBXBuildFile section */

/* Begin PBXContainerItemProxy section */
		10B214B41FB0E4D500628A05 /* PBXContainerItemProxy */ = {
			isa = PBXContainerItemProxy;
			containerPortal = 10B214971FB0E4D400628A05 /* Project object */;
			proxyType = 1;
			remoteGlobalIDString = 10B2149E1FB0E4D400628A05;
			remoteInfo = Fleet;
		};
		10B214BF1FB0E4D500628A05 /* PBXContainerItemProxy */ = {
			isa = PBXContainerItemProxy;
			containerPortal = 10B214971FB0E4D400628A05 /* Project object */;
			proxyType = 1;
			remoteGlobalIDString = 10B2149E1FB0E4D400628A05;
			remoteInfo = Fleet;
		};
/* End PBXContainerItemProxy section */

/* Begin PBXFileReference section */
		10636C942013FB7000F45B1F /* GoogleService-Info.plist */ = {isa = PBXFileReference; fileEncoding = 4; lastKnownFileType = text.plist.xml; name = "GoogleService-Info.plist"; path = "../../../../Downloads/GoogleService-Info.plist"; sourceTree = "<group>"; };
		1096C6FA201FE1D20052764A /* LoginViewController.swift */ = {isa = PBXFileReference; fileEncoding = 4; lastKnownFileType = sourcecode.swift; path = LoginViewController.swift; sourceTree = "<group>"; };
		10B2149F1FB0E4D500628A05 /* Fleet.app */ = {isa = PBXFileReference; explicitFileType = wrapper.application; includeInIndex = 0; path = Fleet.app; sourceTree = BUILT_PRODUCTS_DIR; };
		10B214A21FB0E4D500628A05 /* AppDelegate.swift */ = {isa = PBXFileReference; lastKnownFileType = sourcecode.swift; path = AppDelegate.swift; sourceTree = "<group>"; };
		10B214A71FB0E4D500628A05 /* Base */ = {isa = PBXFileReference; lastKnownFileType = file.storyboard; name = Base; path = Base.lproj/Main.storyboard; sourceTree = "<group>"; };
		10B214A91FB0E4D500628A05 /* Assets.xcassets */ = {isa = PBXFileReference; lastKnownFileType = folder.assetcatalog; path = Assets.xcassets; sourceTree = "<group>"; };
		10B214AC1FB0E4D500628A05 /* Base */ = {isa = PBXFileReference; lastKnownFileType = file.storyboard; name = Base; path = Base.lproj/LaunchScreen.storyboard; sourceTree = "<group>"; };
		10B214AE1FB0E4D500628A05 /* Info.plist */ = {isa = PBXFileReference; lastKnownFileType = text.plist.xml; path = Info.plist; sourceTree = "<group>"; };
		10B214B31FB0E4D500628A05 /* FleetTests.xctest */ = {isa = PBXFileReference; explicitFileType = wrapper.cfbundle; includeInIndex = 0; path = FleetTests.xctest; sourceTree = BUILT_PRODUCTS_DIR; };
		10B214B71FB0E4D500628A05 /* FleetTests.swift */ = {isa = PBXFileReference; lastKnownFileType = sourcecode.swift; path = FleetTests.swift; sourceTree = "<group>"; };
		10B214B91FB0E4D500628A05 /* Info.plist */ = {isa = PBXFileReference; lastKnownFileType = text.plist.xml; path = Info.plist; sourceTree = "<group>"; };
		10B214BE1FB0E4D500628A05 /* FleetUITests.xctest */ = {isa = PBXFileReference; explicitFileType = wrapper.cfbundle; includeInIndex = 0; path = FleetUITests.xctest; sourceTree = BUILT_PRODUCTS_DIR; };
		10B214C21FB0E4D500628A05 /* FleetUITests.swift */ = {isa = PBXFileReference; lastKnownFileType = sourcecode.swift; path = FleetUITests.swift; sourceTree = "<group>"; };
		10B214C41FB0E4D500628A05 /* Info.plist */ = {isa = PBXFileReference; lastKnownFileType = text.plist.xml; path = Info.plist; sourceTree = "<group>"; };
		354608FA4C390864DD321A25 /* Pods-Fleet.release.xcconfig */ = {isa = PBXFileReference; includeInIndex = 1; lastKnownFileType = text.xcconfig; name = "Pods-Fleet.release.xcconfig"; path = "Pods/Target Support Files/Pods-Fleet/Pods-Fleet.release.xcconfig"; sourceTree = "<group>"; };
		3BB5CA5DD35AFC9BE611B19C /* Pods-FleetTests.debug.xcconfig */ = {isa = PBXFileReference; includeInIndex = 1; lastKnownFileType = text.xcconfig; name = "Pods-FleetTests.debug.xcconfig"; path = "Pods/Target Support Files/Pods-FleetTests/Pods-FleetTests.debug.xcconfig"; sourceTree = "<group>"; };
		40055401867BF507FA7ABAC4 /* Pods-Fleet.debug.xcconfig */ = {isa = PBXFileReference; includeInIndex = 1; lastKnownFileType = text.xcconfig; name = "Pods-Fleet.debug.xcconfig"; path = "Pods/Target Support Files/Pods-Fleet/Pods-Fleet.debug.xcconfig"; sourceTree = "<group>"; };
		5BADB8D883345B9FB4F07D17 /* Pods-FleetTests.release.xcconfig */ = {isa = PBXFileReference; includeInIndex = 1; lastKnownFileType = text.xcconfig; name = "Pods-FleetTests.release.xcconfig"; path = "Pods/Target Support Files/Pods-FleetTests/Pods-FleetTests.release.xcconfig"; sourceTree = "<group>"; };
		9F9F7E2849C8E5658367DB7D /* Pods_FleetUITests.framework */ = {isa = PBXFileReference; explicitFileType = wrapper.framework; includeInIndex = 0; path = Pods_FleetUITests.framework; sourceTree = BUILT_PRODUCTS_DIR; };
		C8F6DD28CA690B0FE5C0AD8C /* Pods_Fleet.framework */ = {isa = PBXFileReference; explicitFileType = wrapper.framework; includeInIndex = 0; path = Pods_Fleet.framework; sourceTree = BUILT_PRODUCTS_DIR; };
		DED23D70AB02D10F6592C52B /* Pods-FleetUITests.debug.xcconfig */ = {isa = PBXFileReference; includeInIndex = 1; lastKnownFileType = text.xcconfig; name = "Pods-FleetUITests.debug.xcconfig"; path = "Pods/Target Support Files/Pods-FleetUITests/Pods-FleetUITests.debug.xcconfig"; sourceTree = "<group>"; };
		DFEE20756276A47D973F7BED /* Pods_FleetTests.framework */ = {isa = PBXFileReference; explicitFileType = wrapper.framework; includeInIndex = 0; path = Pods_FleetTests.framework; sourceTree = BUILT_PRODUCTS_DIR; };
		EF220EBA4AAF0A495695F6B5 /* Pods-FleetUITests.release.xcconfig */ = {isa = PBXFileReference; includeInIndex = 1; lastKnownFileType = text.xcconfig; name = "Pods-FleetUITests.release.xcconfig"; path = "Pods/Target Support Files/Pods-FleetUITests/Pods-FleetUITests.release.xcconfig"; sourceTree = "<group>"; };
/* End PBXFileReference section */

/* Begin PBXFrameworksBuildPhase section */
		10B2149C1FB0E4D400628A05 /* Frameworks */ = {
			isa = PBXFrameworksBuildPhase;
			buildActionMask = 2147483647;
			files = (
				8286FCBA71BC4808275C786E /* Pods_Fleet.framework in Frameworks */,
			);
			runOnlyForDeploymentPostprocessing = 0;
		};
		10B214B01FB0E4D500628A05 /* Frameworks */ = {
			isa = PBXFrameworksBuildPhase;
			buildActionMask = 2147483647;
			files = (
				C69DB2F12BE4503681A05069 /* Pods_FleetTests.framework in Frameworks */,
			);
			runOnlyForDeploymentPostprocessing = 0;
		};
		10B214BB1FB0E4D500628A05 /* Frameworks */ = {
			isa = PBXFrameworksBuildPhase;
			buildActionMask = 2147483647;
			files = (
				E1DB7FE1B581C6EE857016EE /* Pods_FleetUITests.framework in Frameworks */,
			);
			runOnlyForDeploymentPostprocessing = 0;
		};
/* End PBXFrameworksBuildPhase section */

/* Begin PBXGroup section */
		10B214961FB0E4D400628A05 = {
			isa = PBXGroup;
			children = (
				10636C942013FB7000F45B1F /* GoogleService-Info.plist */,
				10B214A11FB0E4D500628A05 /* Fleet */,
				10B214B61FB0E4D500628A05 /* FleetTests */,
				10B214C11FB0E4D500628A05 /* FleetUITests */,
				10B214A01FB0E4D500628A05 /* Products */,
				13CF35A66A77CA696A92C17D /* Pods */,
				7B5317CDC7E5A0690B8D6266 /* Frameworks */,
			);
			sourceTree = "<group>";
		};
		10B214A01FB0E4D500628A05 /* Products */ = {
			isa = PBXGroup;
			children = (
				10B2149F1FB0E4D500628A05 /* Fleet.app */,
				10B214B31FB0E4D500628A05 /* FleetTests.xctest */,
				10B214BE1FB0E4D500628A05 /* FleetUITests.xctest */,
			);
			name = Products;
			sourceTree = "<group>";
		};
		10B214A11FB0E4D500628A05 /* Fleet */ = {
			isa = PBXGroup;
			children = (
				10B214A21FB0E4D500628A05 /* AppDelegate.swift */,
				10B214A61FB0E4D500628A05 /* Main.storyboard */,
				10B214A91FB0E4D500628A05 /* Assets.xcassets */,
				10B214AB1FB0E4D500628A05 /* LaunchScreen.storyboard */,
				10B214AE1FB0E4D500628A05 /* Info.plist */,
				1096C6FA201FE1D20052764A /* LoginViewController.swift */,
			);
			path = Fleet;
			sourceTree = "<group>";
		};
		10B214B61FB0E4D500628A05 /* FleetTests */ = {
			isa = PBXGroup;
			children = (
				10B214B71FB0E4D500628A05 /* FleetTests.swift */,
				10B214B91FB0E4D500628A05 /* Info.plist */,
			);
			path = FleetTests;
			sourceTree = "<group>";
		};
		10B214C11FB0E4D500628A05 /* FleetUITests */ = {
			isa = PBXGroup;
			children = (
				10B214C21FB0E4D500628A05 /* FleetUITests.swift */,
				10B214C41FB0E4D500628A05 /* Info.plist */,
			);
			path = FleetUITests;
			sourceTree = "<group>";
		};
		13CF35A66A77CA696A92C17D /* Pods */ = {
			isa = PBXGroup;
			children = (
				40055401867BF507FA7ABAC4 /* Pods-Fleet.debug.xcconfig */,
				354608FA4C390864DD321A25 /* Pods-Fleet.release.xcconfig */,
				3BB5CA5DD35AFC9BE611B19C /* Pods-FleetTests.debug.xcconfig */,
				5BADB8D883345B9FB4F07D17 /* Pods-FleetTests.release.xcconfig */,
				DED23D70AB02D10F6592C52B /* Pods-FleetUITests.debug.xcconfig */,
				EF220EBA4AAF0A495695F6B5 /* Pods-FleetUITests.release.xcconfig */,
			);
			name = Pods;
			sourceTree = "<group>";
		};
		7B5317CDC7E5A0690B8D6266 /* Frameworks */ = {
			isa = PBXGroup;
			children = (
				C8F6DD28CA690B0FE5C0AD8C /* Pods_Fleet.framework */,
				DFEE20756276A47D973F7BED /* Pods_FleetTests.framework */,
				9F9F7E2849C8E5658367DB7D /* Pods_FleetUITests.framework */,
			);
			name = Frameworks;
			sourceTree = "<group>";
		};
/* End PBXGroup section */

/* Begin PBXNativeTarget section */
		10B2149E1FB0E4D400628A05 /* Fleet */ = {
			isa = PBXNativeTarget;
			buildConfigurationList = 10B214C71FB0E4D500628A05 /* Build configuration list for PBXNativeTarget "Fleet" */;
			buildPhases = (
				7F02B204E072CB6FACA1D78C /* [CP] Check Pods Manifest.lock */,
				10B2149B1FB0E4D400628A05 /* Sources */,
				10B2149C1FB0E4D400628A05 /* Frameworks */,
				10B2149D1FB0E4D400628A05 /* Resources */,
				6A90CC1A7CD446116A7D1931 /* [CP] Embed Pods Frameworks */,
				E6147B806D5BB0B34BD27F48 /* [CP] Copy Pods Resources */,
			);
			buildRules = (
			);
			dependencies = (
			);
			name = Fleet;
			productName = Fleet;
			productReference = 10B2149F1FB0E4D500628A05 /* Fleet.app */;
			productType = "com.apple.product-type.application";
		};
		10B214B21FB0E4D500628A05 /* FleetTests */ = {
			isa = PBXNativeTarget;
			buildConfigurationList = 10B214CA1FB0E4D500628A05 /* Build configuration list for PBXNativeTarget "FleetTests" */;
			buildPhases = (
				3229A88FBBD4E3CD0D997DD4 /* [CP] Check Pods Manifest.lock */,
				10B214AF1FB0E4D500628A05 /* Sources */,
				10B214B01FB0E4D500628A05 /* Frameworks */,
				10B214B11FB0E4D500628A05 /* Resources */,
				A146B933BD2AEE3030E76F12 /* [CP] Embed Pods Frameworks */,
				22E9F9EB790CDFB346150B9F /* [CP] Copy Pods Resources */,
			);
			buildRules = (
			);
			dependencies = (
				10B214B51FB0E4D500628A05 /* PBXTargetDependency */,
			);
			name = FleetTests;
			productName = FleetTests;
			productReference = 10B214B31FB0E4D500628A05 /* FleetTests.xctest */;
			productType = "com.apple.product-type.bundle.unit-test";
		};
		10B214BD1FB0E4D500628A05 /* FleetUITests */ = {
			isa = PBXNativeTarget;
			buildConfigurationList = 10B214CD1FB0E4D500628A05 /* Build configuration list for PBXNativeTarget "FleetUITests" */;
			buildPhases = (
				1C586C21FAA45B66E8CC8C4E /* [CP] Check Pods Manifest.lock */,
				10B214BA1FB0E4D500628A05 /* Sources */,
				10B214BB1FB0E4D500628A05 /* Frameworks */,
				10B214BC1FB0E4D500628A05 /* Resources */,
				1D213994BFB28CE4A99D96DB /* [CP] Embed Pods Frameworks */,
				06C2152EF5FE2E2E7B39C3A8 /* [CP] Copy Pods Resources */,
			);
			buildRules = (
			);
			dependencies = (
				10B214C01FB0E4D500628A05 /* PBXTargetDependency */,
			);
			name = FleetUITests;
			productName = FleetUITests;
			productReference = 10B214BE1FB0E4D500628A05 /* FleetUITests.xctest */;
			productType = "com.apple.product-type.bundle.ui-testing";
		};
/* End PBXNativeTarget section */

/* Begin PBXProject section */
		10B214971FB0E4D400628A05 /* Project object */ = {
			isa = PBXProject;
			attributes = {
				LastSwiftUpdateCheck = 0820;
				LastUpgradeCheck = 0820;
				ORGANIZATIONNAME = rzjs;
				TargetAttributes = {
					10B2149E1FB0E4D400628A05 = {
						CreatedOnToolsVersion = 8.2.1;
						ProvisioningStyle = Automatic;
					};
					10B214B21FB0E4D500628A05 = {
						CreatedOnToolsVersion = 8.2.1;
						ProvisioningStyle = Automatic;
						TestTargetID = 10B2149E1FB0E4D400628A05;
					};
					10B214BD1FB0E4D500628A05 = {
						CreatedOnToolsVersion = 8.2.1;
						ProvisioningStyle = Automatic;
						TestTargetID = 10B2149E1FB0E4D400628A05;
					};
				};
			};
			buildConfigurationList = 10B2149A1FB0E4D400628A05 /* Build configuration list for PBXProject "Fleet" */;
			compatibilityVersion = "Xcode 3.2";
			developmentRegion = English;
			hasScannedForEncodings = 0;
			knownRegions = (
				en,
				Base,
			);
			mainGroup = 10B214961FB0E4D400628A05;
			productRefGroup = 10B214A01FB0E4D500628A05 /* Products */;
			projectDirPath = "";
			projectRoot = "";
			targets = (
				10B2149E1FB0E4D400628A05 /* Fleet */,
				10B214B21FB0E4D500628A05 /* FleetTests */,
				10B214BD1FB0E4D500628A05 /* FleetUITests */,
			);
		};
/* End PBXProject section */

/* Begin PBXResourcesBuildPhase section */
		10B2149D1FB0E4D400628A05 /* Resources */ = {
			isa = PBXResourcesBuildPhase;
			buildActionMask = 2147483647;
			files = (
				10B214AD1FB0E4D500628A05 /* LaunchScreen.storyboard in Resources */,
				10636C952013FB7000F45B1F /* GoogleService-Info.plist in Resources */,
				10B214AA1FB0E4D500628A05 /* Assets.xcassets in Resources */,
				10B214A81FB0E4D500628A05 /* Main.storyboard in Resources */,
			);
			runOnlyForDeploymentPostprocessing = 0;
		};
		10B214B11FB0E4D500628A05 /* Resources */ = {
			isa = PBXResourcesBuildPhase;
			buildActionMask = 2147483647;
			files = (
				10636C962013FB7000F45B1F /* GoogleService-Info.plist in Resources */,
			);
			runOnlyForDeploymentPostprocessing = 0;
		};
		10B214BC1FB0E4D500628A05 /* Resources */ = {
			isa = PBXResourcesBuildPhase;
			buildActionMask = 2147483647;
			files = (
				10636C972013FB7000F45B1F /* GoogleService-Info.plist in Resources */,
			);
			runOnlyForDeploymentPostprocessing = 0;
		};
/* End PBXResourcesBuildPhase section */

/* Begin PBXShellScriptBuildPhase section */
		06C2152EF5FE2E2E7B39C3A8 /* [CP] Copy Pods Resources */ = {
			isa = PBXShellScriptBuildPhase;
			buildActionMask = 2147483647;
			files = (
			);
			inputPaths = (
			);
			name = "[CP] Copy Pods Resources";
			outputPaths = (
			);
			runOnlyForDeploymentPostprocessing = 0;
			shellPath = /bin/sh;
			shellScript = "\"${SRCROOT}/Pods/Target Support Files/Pods-FleetUITests/Pods-FleetUITests-resources.sh\"\n";
			showEnvVarsInLog = 0;
		};
		1C586C21FAA45B66E8CC8C4E /* [CP] Check Pods Manifest.lock */ = {
			isa = PBXShellScriptBuildPhase;
			buildActionMask = 2147483647;
			files = (
			);
			inputPaths = (
				"${PODS_PODFILE_DIR_PATH}/Podfile.lock",
				"${PODS_ROOT}/Manifest.lock",
			);
			name = "[CP] Check Pods Manifest.lock";
			outputPaths = (
				"$(DERIVED_FILE_DIR)/Pods-FleetUITests-checkManifestLockResult.txt",
			);
			runOnlyForDeploymentPostprocessing = 0;
			shellPath = /bin/sh;
			shellScript = "diff \"${PODS_PODFILE_DIR_PATH}/Podfile.lock\" \"${PODS_ROOT}/Manifest.lock\" > /dev/null\nif [ $? != 0 ] ; then\n    # print error to STDERR\n    echo \"error: The sandbox is not in sync with the Podfile.lock. Run 'pod install' or update your CocoaPods installation.\" >&2\n    exit 1\nfi\n# This output is used by Xcode 'outputs' to avoid re-running this script phase.\necho \"SUCCESS\" > \"${SCRIPT_OUTPUT_FILE_0}\"\n";
			showEnvVarsInLog = 0;
		};
		1D213994BFB28CE4A99D96DB /* [CP] Embed Pods Frameworks */ = {
			isa = PBXShellScriptBuildPhase;
			buildActionMask = 2147483647;
			files = (
			);
			inputPaths = (
			);
			name = "[CP] Embed Pods Frameworks";
			outputPaths = (
			);
			runOnlyForDeploymentPostprocessing = 0;
			shellPath = /bin/sh;
			shellScript = "\"${SRCROOT}/Pods/Target Support Files/Pods-FleetUITests/Pods-FleetUITests-frameworks.sh\"\n";
			showEnvVarsInLog = 0;
		};
		22E9F9EB790CDFB346150B9F /* [CP] Copy Pods Resources */ = {
			isa = PBXShellScriptBuildPhase;
			buildActionMask = 2147483647;
			files = (
			);
			inputPaths = (
			);
			name = "[CP] Copy Pods Resources";
			outputPaths = (
			);
			runOnlyForDeploymentPostprocessing = 0;
			shellPath = /bin/sh;
			shellScript = "\"${SRCROOT}/Pods/Target Support Files/Pods-FleetTests/Pods-FleetTests-resources.sh\"\n";
			showEnvVarsInLog = 0;
		};
		3229A88FBBD4E3CD0D997DD4 /* [CP] Check Pods Manifest.lock */ = {
			isa = PBXShellScriptBuildPhase;
			buildActionMask = 2147483647;
			files = (
			);
			inputPaths = (
				"${PODS_PODFILE_DIR_PATH}/Podfile.lock",
				"${PODS_ROOT}/Manifest.lock",
			);
			name = "[CP] Check Pods Manifest.lock";
			outputPaths = (
				"$(DERIVED_FILE_DIR)/Pods-FleetTests-checkManifestLockResult.txt",
			);
			runOnlyForDeploymentPostprocessing = 0;
			shellPath = /bin/sh;
			shellScript = "diff \"${PODS_PODFILE_DIR_PATH}/Podfile.lock\" \"${PODS_ROOT}/Manifest.lock\" > /dev/null\nif [ $? != 0 ] ; then\n    # print error to STDERR\n    echo \"error: The sandbox is not in sync with the Podfile.lock. Run 'pod install' or update your CocoaPods installation.\" >&2\n    exit 1\nfi\n# This output is used by Xcode 'outputs' to avoid re-running this script phase.\necho \"SUCCESS\" > \"${SCRIPT_OUTPUT_FILE_0}\"\n";
			showEnvVarsInLog = 0;
		};
		6A90CC1A7CD446116A7D1931 /* [CP] Embed Pods Frameworks */ = {
			isa = PBXShellScriptBuildPhase;
			buildActionMask = 2147483647;
			files = (
			);
			inputPaths = (
				"${SRCROOT}/Pods/Target Support Files/Pods-Fleet/Pods-Fleet-frameworks.sh",
				"${BUILT_PRODUCTS_DIR}/GTMSessionFetcher/GTMSessionFetcher.framework",
				"${BUILT_PRODUCTS_DIR}/GoogleToolboxForMac/GoogleToolboxForMac.framework",
				"${BUILT_PRODUCTS_DIR}/leveldb-library/leveldb.framework",
				"${BUILT_PRODUCTS_DIR}/nanopb/nanopb.framework",
			);
			name = "[CP] Embed Pods Frameworks";
			outputPaths = (
				"${TARGET_BUILD_DIR}/${FRAMEWORKS_FOLDER_PATH}/GTMSessionFetcher.framework",
				"${TARGET_BUILD_DIR}/${FRAMEWORKS_FOLDER_PATH}/GoogleToolboxForMac.framework",
				"${TARGET_BUILD_DIR}/${FRAMEWORKS_FOLDER_PATH}/leveldb.framework",
				"${TARGET_BUILD_DIR}/${FRAMEWORKS_FOLDER_PATH}/nanopb.framework",
			);
			runOnlyForDeploymentPostprocessing = 0;
			shellPath = /bin/sh;
			shellScript = "\"${SRCROOT}/Pods/Target Support Files/Pods-Fleet/Pods-Fleet-frameworks.sh\"\n";
			showEnvVarsInLog = 0;
		};
		7F02B204E072CB6FACA1D78C /* [CP] Check Pods Manifest.lock */ = {
			isa = PBXShellScriptBuildPhase;
			buildActionMask = 2147483647;
			files = (
			);
			inputPaths = (
				"${PODS_PODFILE_DIR_PATH}/Podfile.lock",
				"${PODS_ROOT}/Manifest.lock",
			);
			name = "[CP] Check Pods Manifest.lock";
			outputPaths = (
				"$(DERIVED_FILE_DIR)/Pods-Fleet-checkManifestLockResult.txt",
			);
			runOnlyForDeploymentPostprocessing = 0;
			shellPath = /bin/sh;
			shellScript = "diff \"${PODS_PODFILE_DIR_PATH}/Podfile.lock\" \"${PODS_ROOT}/Manifest.lock\" > /dev/null\nif [ $? != 0 ] ; then\n    # print error to STDERR\n    echo \"error: The sandbox is not in sync with the Podfile.lock. Run 'pod install' or update your CocoaPods installation.\" >&2\n    exit 1\nfi\n# This output is used by Xcode 'outputs' to avoid re-running this script phase.\necho \"SUCCESS\" > \"${SCRIPT_OUTPUT_FILE_0}\"\n";
			showEnvVarsInLog = 0;
		};
		A146B933BD2AEE3030E76F12 /* [CP] Embed Pods Frameworks */ = {
			isa = PBXShellScriptBuildPhase;
			buildActionMask = 2147483647;
			files = (
			);
			inputPaths = (
			);
			name = "[CP] Embed Pods Frameworks";
			outputPaths = (
			);
			runOnlyForDeploymentPostprocessing = 0;
			shellPath = /bin/sh;
			shellScript = "\"${SRCROOT}/Pods/Target Support Files/Pods-FleetTests/Pods-FleetTests-frameworks.sh\"\n";
			showEnvVarsInLog = 0;
		};
		E6147B806D5BB0B34BD27F48 /* [CP] Copy Pods Resources */ = {
			isa = PBXShellScriptBuildPhase;
			buildActionMask = 2147483647;
			files = (
			);
			inputPaths = (
			);
			name = "[CP] Copy Pods Resources";
			outputPaths = (
			);
			runOnlyForDeploymentPostprocessing = 0;
			shellPath = /bin/sh;
			shellScript = "\"${SRCROOT}/Pods/Target Support Files/Pods-Fleet/Pods-Fleet-resources.sh\"\n";
			showEnvVarsInLog = 0;
		};
/* End PBXShellScriptBuildPhase section */

/* Begin PBXSourcesBuildPhase section */
		10B2149B1FB0E4D400628A05 /* Sources */ = {
			isa = PBXSourcesBuildPhase;
			buildActionMask = 2147483647;
			files = (
				1096C6FB201FE1D20052764A /* LoginViewController.swift in Sources */,
				10B214A31FB0E4D500628A05 /* AppDelegate.swift in Sources */,
			);
			runOnlyForDeploymentPostprocessing = 0;
		};
		10B214AF1FB0E4D500628A05 /* Sources */ = {
			isa = PBXSourcesBuildPhase;
			buildActionMask = 2147483647;
			files = (
				10B214B81FB0E4D500628A05 /* FleetTests.swift in Sources */,
			);
			runOnlyForDeploymentPostprocessing = 0;
		};
		10B214BA1FB0E4D500628A05 /* Sources */ = {
			isa = PBXSourcesBuildPhase;
			buildActionMask = 2147483647;
			files = (
				10B214C31FB0E4D500628A05 /* FleetUITests.swift in Sources */,
			);
			runOnlyForDeploymentPostprocessing = 0;
		};
/* End PBXSourcesBuildPhase section */

/* Begin PBXTargetDependency section */
		10B214B51FB0E4D500628A05 /* PBXTargetDependency */ = {
			isa = PBXTargetDependency;
			target = 10B2149E1FB0E4D400628A05 /* Fleet */;
			targetProxy = 10B214B41FB0E4D500628A05 /* PBXContainerItemProxy */;
		};
		10B214C01FB0E4D500628A05 /* PBXTargetDependency */ = {
			isa = PBXTargetDependency;
			target = 10B2149E1FB0E4D400628A05 /* Fleet */;
			targetProxy = 10B214BF1FB0E4D500628A05 /* PBXContainerItemProxy */;
		};
/* End PBXTargetDependency section */

/* Begin PBXVariantGroup section */
		10B214A61FB0E4D500628A05 /* Main.storyboard */ = {
			isa = PBXVariantGroup;
			children = (
				10B214A71FB0E4D500628A05 /* Base */,
			);
			name = Main.storyboard;
			sourceTree = "<group>";
		};
		10B214AB1FB0E4D500628A05 /* LaunchScreen.storyboard */ = {
			isa = PBXVariantGroup;
			children = (
				10B214AC1FB0E4D500628A05 /* Base */,
			);
			name = LaunchScreen.storyboard;
			sourceTree = "<group>";
		};
/* End PBXVariantGroup section */

/* Begin XCBuildConfiguration section */
		10B214C51FB0E4D500628A05 /* Debug */ = {
			isa = XCBuildConfiguration;
			buildSettings = {
				ALWAYS_SEARCH_USER_PATHS = NO;
				CLANG_ANALYZER_NONNULL = YES;
				CLANG_CXX_LANGUAGE_STANDARD = "gnu++0x";
				CLANG_CXX_LIBRARY = "libc++";
				CLANG_ENABLE_MODULES = YES;
				CLANG_ENABLE_OBJC_ARC = YES;
				CLANG_WARN_BOOL_CONVERSION = YES;
				CLANG_WARN_CONSTANT_CONVERSION = YES;
				CLANG_WARN_DIRECT_OBJC_ISA_USAGE = YES_ERROR;
				CLANG_WARN_DOCUMENTATION_COMMENTS = YES;
				CLANG_WARN_EMPTY_BODY = YES;
				CLANG_WARN_ENUM_CONVERSION = YES;
				CLANG_WARN_INFINITE_RECURSION = YES;
				CLANG_WARN_INT_CONVERSION = YES;
				CLANG_WARN_OBJC_ROOT_CLASS = YES_ERROR;
				CLANG_WARN_SUSPICIOUS_MOVE = YES;
				CLANG_WARN_UNREACHABLE_CODE = YES;
				CLANG_WARN__DUPLICATE_METHOD_MATCH = YES;
				"CODE_SIGN_IDENTITY[sdk=iphoneos*]" = "iPhone Developer";
				COPY_PHASE_STRIP = NO;
				DEBUG_INFORMATION_FORMAT = dwarf;
				ENABLE_STRICT_OBJC_MSGSEND = YES;
				ENABLE_TESTABILITY = YES;
				GCC_C_LANGUAGE_STANDARD = gnu99;
				GCC_DYNAMIC_NO_PIC = NO;
				GCC_NO_COMMON_BLOCKS = YES;
				GCC_OPTIMIZATION_LEVEL = 0;
				GCC_PREPROCESSOR_DEFINITIONS = (
					"DEBUG=1",
					"$(inherited)",
				);
				GCC_WARN_64_TO_32_BIT_CONVERSION = YES;
				GCC_WARN_ABOUT_RETURN_TYPE = YES_ERROR;
				GCC_WARN_UNDECLARED_SELECTOR = YES;
				GCC_WARN_UNINITIALIZED_AUTOS = YES_AGGRESSIVE;
				GCC_WARN_UNUSED_FUNCTION = YES;
				GCC_WARN_UNUSED_VARIABLE = YES;
				IPHONEOS_DEPLOYMENT_TARGET = 10.2;
				MTL_ENABLE_DEBUG_INFO = YES;
				ONLY_ACTIVE_ARCH = YES;
				SDKROOT = iphoneos;
				SWIFT_ACTIVE_COMPILATION_CONDITIONS = DEBUG;
				SWIFT_OPTIMIZATION_LEVEL = "-Onone";
				TARGETED_DEVICE_FAMILY = "1,2";
			};
			name = Debug;
		};
		10B214C61FB0E4D500628A05 /* Release */ = {
			isa = XCBuildConfiguration;
			buildSettings = {
				ALWAYS_SEARCH_USER_PATHS = NO;
				CLANG_ANALYZER_NONNULL = YES;
				CLANG_CXX_LANGUAGE_STANDARD = "gnu++0x";
				CLANG_CXX_LIBRARY = "libc++";
				CLANG_ENABLE_MODULES = YES;
				CLANG_ENABLE_OBJC_ARC = YES;
				CLANG_WARN_BOOL_CONVERSION = YES;
				CLANG_WARN_CONSTANT_CONVERSION = YES;
				CLANG_WARN_DIRECT_OBJC_ISA_USAGE = YES_ERROR;
				CLANG_WARN_DOCUMENTATION_COMMENTS = YES;
				CLANG_WARN_EMPTY_BODY = YES;
				CLANG_WARN_ENUM_CONVERSION = YES;
				CLANG_WARN_INFINITE_RECURSION = YES;
				CLANG_WARN_INT_CONVERSION = YES;
				CLANG_WARN_OBJC_ROOT_CLASS = YES_ERROR;
				CLANG_WARN_SUSPICIOUS_MOVE = YES;
				CLANG_WARN_UNREACHABLE_CODE = YES;
				CLANG_WARN__DUPLICATE_METHOD_MATCH = YES;
				"CODE_SIGN_IDENTITY[sdk=iphoneos*]" = "iPhone Developer";
				COPY_PHASE_STRIP = NO;
				DEBUG_INFORMATION_FORMAT = "dwarf-with-dsym";
				ENABLE_NS_ASSERTIONS = NO;
				ENABLE_STRICT_OBJC_MSGSEND = YES;
				GCC_C_LANGUAGE_STANDARD = gnu99;
				GCC_NO_COMMON_BLOCKS = YES;
				GCC_WARN_64_TO_32_BIT_CONVERSION = YES;
				GCC_WARN_ABOUT_RETURN_TYPE = YES_ERROR;
				GCC_WARN_UNDECLARED_SELECTOR = YES;
				GCC_WARN_UNINITIALIZED_AUTOS = YES_AGGRESSIVE;
				GCC_WARN_UNUSED_FUNCTION = YES;
				GCC_WARN_UNUSED_VARIABLE = YES;
				IPHONEOS_DEPLOYMENT_TARGET = 10.2;
				MTL_ENABLE_DEBUG_INFO = NO;
				SDKROOT = iphoneos;
				SWIFT_OPTIMIZATION_LEVEL = "-Owholemodule";
				TARGETED_DEVICE_FAMILY = "1,2";
				VALIDATE_PRODUCT = YES;
			};
			name = Release;
		};
		10B214C81FB0E4D500628A05 /* Debug */ = {
			isa = XCBuildConfiguration;
			baseConfigurationReference = 40055401867BF507FA7ABAC4 /* Pods-Fleet.debug.xcconfig */;
			buildSettings = {
				ASSETCATALOG_COMPILER_APPICON_NAME = AppIcon;
				INFOPLIST_FILE = Fleet/Info.plist;
				LD_RUNPATH_SEARCH_PATHS = "$(inherited) @executable_path/Frameworks";
				PRODUCT_BUNDLE_IDENTIFIER = personal.Fleet;
				PRODUCT_NAME = "$(TARGET_NAME)";
				SWIFT_VERSION = 3.0;
			};
			name = Debug;
		};
		10B214C91FB0E4D500628A05 /* Release */ = {
			isa = XCBuildConfiguration;
			baseConfigurationReference = 354608FA4C390864DD321A25 /* Pods-Fleet.release.xcconfig */;
			buildSettings = {
				ASSETCATALOG_COMPILER_APPICON_NAME = AppIcon;
				INFOPLIST_FILE = Fleet/Info.plist;
				LD_RUNPATH_SEARCH_PATHS = "$(inherited) @executable_path/Frameworks";
				PRODUCT_BUNDLE_IDENTIFIER = personal.Fleet;
				PRODUCT_NAME = "$(TARGET_NAME)";
				SWIFT_VERSION = 3.0;
			};
			name = Release;
		};
		10B214CB1FB0E4D500628A05 /* Debug */ = {
			isa = XCBuildConfiguration;
			baseConfigurationReference = 3BB5CA5DD35AFC9BE611B19C /* Pods-FleetTests.debug.xcconfig */;
			buildSettings = {
				ALWAYS_EMBED_SWIFT_STANDARD_LIBRARIES = YES;
				BUNDLE_LOADER = "$(TEST_HOST)";
				INFOPLIST_FILE = FleetTests/Info.plist;
				LD_RUNPATH_SEARCH_PATHS = "$(inherited) @executable_path/Frameworks @loader_path/Frameworks";
				PRODUCT_BUNDLE_IDENTIFIER = personal.FleetTests;
				PRODUCT_NAME = "$(TARGET_NAME)";
				SWIFT_VERSION = 3.0;
				TEST_HOST = "$(BUILT_PRODUCTS_DIR)/Fleet.app/Fleet";
			};
			name = Debug;
		};
		10B214CC1FB0E4D500628A05 /* Release */ = {
			isa = XCBuildConfiguration;
			baseConfigurationReference = 5BADB8D883345B9FB4F07D17 /* Pods-FleetTests.release.xcconfig */;
			buildSettings = {
				ALWAYS_EMBED_SWIFT_STANDARD_LIBRARIES = YES;
				BUNDLE_LOADER = "$(TEST_HOST)";
				INFOPLIST_FILE = FleetTests/Info.plist;
				LD_RUNPATH_SEARCH_PATHS = "$(inherited) @executable_path/Frameworks @loader_path/Frameworks";
				PRODUCT_BUNDLE_IDENTIFIER = personal.FleetTests;
				PRODUCT_NAME = "$(TARGET_NAME)";
				SWIFT_VERSION = 3.0;
				TEST_HOST = "$(BUILT_PRODUCTS_DIR)/Fleet.app/Fleet";
			};
			name = Release;
		};
		10B214CE1FB0E4D500628A05 /* Debug */ = {
			isa = XCBuildConfiguration;
			baseConfigurationReference = DED23D70AB02D10F6592C52B /* Pods-FleetUITests.debug.xcconfig */;
			buildSettings = {
				ALWAYS_EMBED_SWIFT_STANDARD_LIBRARIES = YES;
				INFOPLIST_FILE = FleetUITests/Info.plist;
				LD_RUNPATH_SEARCH_PATHS = "$(inherited) @executable_path/Frameworks @loader_path/Frameworks";
				PRODUCT_BUNDLE_IDENTIFIER = personal.FleetUITests;
				PRODUCT_NAME = "$(TARGET_NAME)";
				SWIFT_VERSION = 3.0;
				TEST_TARGET_NAME = Fleet;
			};
			name = Debug;
		};
		10B214CF1FB0E4D500628A05 /* Release */ = {
			isa = XCBuildConfiguration;
			baseConfigurationReference = EF220EBA4AAF0A495695F6B5 /* Pods-FleetUITests.release.xcconfig */;
			buildSettings = {
				ALWAYS_EMBED_SWIFT_STANDARD_LIBRARIES = YES;
				INFOPLIST_FILE = FleetUITests/Info.plist;
				LD_RUNPATH_SEARCH_PATHS = "$(inherited) @executable_path/Frameworks @loader_path/Frameworks";
				PRODUCT_BUNDLE_IDENTIFIER = personal.FleetUITests;
				PRODUCT_NAME = "$(TARGET_NAME)";
				SWIFT_VERSION = 3.0;
				TEST_TARGET_NAME = Fleet;
			};
			name = Release;
		};
/* End XCBuildConfiguration section */

/* Begin XCConfigurationList section */
		10B2149A1FB0E4D400628A05 /* Build configuration list for PBXProject "Fleet" */ = {
			isa = XCConfigurationList;
			buildConfigurations = (
				10B214C51FB0E4D500628A05 /* Debug */,
				10B214C61FB0E4D500628A05 /* Release */,
			);
			defaultConfigurationIsVisible = 0;
			defaultConfigurationName = Release;
		};
		10B214C71FB0E4D500628A05 /* Build configuration list for PBXNativeTarget "Fleet" */ = {
			isa = XCConfigurationList;
			buildConfigurations = (
				10B214C81FB0E4D500628A05 /* Debug */,
				10B214C91FB0E4D500628A05 /* Release */,
			);
			defaultConfigurationIsVisible = 0;
			defaultConfigurationName = Release;
		};
		10B214CA1FB0E4D500628A05 /* Build configuration list for PBXNativeTarget "FleetTests" */ = {
			isa = XCConfigurationList;
			buildConfigurations = (
				10B214CB1FB0E4D500628A05 /* Debug */,
				10B214CC1FB0E4D500628A05 /* Release */,
			);
			defaultConfigurationIsVisible = 0;
			defaultConfigurationName = Release;
		};
		10B214CD1FB0E4D500628A05 /* Build configuration list for PBXNativeTarget "FleetUITests" */ = {
			isa = XCConfigurationList;
			buildConfigurations = (
				10B214CE1FB0E4D500628A05 /* Debug */,
				10B214CF1FB0E4D500628A05 /* Release */,
			);
			defaultConfigurationIsVisible = 0;
			defaultConfigurationName = Release;
		};
/* End XCConfigurationList section */
	};
	rootObject = 10B214971FB0E4D400628A05 /* Project object */;
}
